// !$*UTF8*$!
{
	archiveVersion = 1;
	classes = {
	};
	objectVersion = 56;
	objects = {

/* Begin PBXBuildFile section */
		2B279BED2AA9AD4500645766 /* AppDelegate.swift in Sources */ = {isa = PBXBuildFile; fileRef = 2B279BEC2AA9AD4500645766 /* AppDelegate.swift */; };
		2B279BEF2AA9AD4500645766 /* SceneDelegate.swift in Sources */ = {isa = PBXBuildFile; fileRef = 2B279BEE2AA9AD4500645766 /* SceneDelegate.swift */; };
		2B279BF12AA9AD4500645766 /* ViewController.swift in Sources */ = {isa = PBXBuildFile; fileRef = 2B279BF02AA9AD4500645766 /* ViewController.swift */; };
		2B279BF62AA9AD4600645766 /* Assets.xcassets in Resources */ = {isa = PBXBuildFile; fileRef = 2B279BF52AA9AD4600645766 /* Assets.xcassets */; };
		2B279BF92AA9AD4600645766 /* LaunchScreen.storyboard in Resources */ = {isa = PBXBuildFile; fileRef = 2B279BF72AA9AD4600645766 /* LaunchScreen.storyboard */; };
		2B279C0B2AA9B20E00645766 /* .gitignore in Resources */ = {isa = PBXBuildFile; fileRef = 2B279C0A2AA9B20E00645766 /* .gitignore */; };
		2B279C0D2AA9B23100645766 /* APIKey.swift in Sources */ = {isa = PBXBuildFile; fileRef = 2B279C0C2AA9B23100645766 /* APIKey.swift */; };
		2B279C102AA9B35E00645766 /* Shopping.swift in Sources */ = {isa = PBXBuildFile; fileRef = 2B279C0F2AA9B35E00645766 /* Shopping.swift */; };
		2B279C172AA9BED200645766 /* BaseViewController.swift in Sources */ = {isa = PBXBuildFile; fileRef = 2B279C162AA9BED200645766 /* BaseViewController.swift */; };
		2B279C1A2AA9BFDC00645766 /* Color.swift in Sources */ = {isa = PBXBuildFile; fileRef = 2B279C192AA9BFDC00645766 /* Color.swift */; };
		2B279C1C2AA9C00B00645766 /* Constants.swift in Sources */ = {isa = PBXBuildFile; fileRef = 2B279C1B2AA9C00B00645766 /* Constants.swift */; };
		2B279C1E2AA9C08A00645766 /* BaseCollectionViewCell.swift in Sources */ = {isa = PBXBuildFile; fileRef = 2B279C1D2AA9C08A00645766 /* BaseCollectionViewCell.swift */; };
		2B279C202AA9C09F00645766 /* BaseTableViewCell.swift in Sources */ = {isa = PBXBuildFile; fileRef = 2B279C1F2AA9C09F00645766 /* BaseTableViewCell.swift */; };
		2B279C222AA9C0B200645766 /* ReusableViewProtocol.swift in Sources */ = {isa = PBXBuildFile; fileRef = 2B279C212AA9C0B200645766 /* ReusableViewProtocol.swift */; };
		2B279C252AA9C1EB00645766 /* SearchViewController.swift in Sources */ = {isa = PBXBuildFile; fileRef = 2B279C242AA9C1EB00645766 /* SearchViewController.swift */; };
		2B279C272AA9C23300645766 /* ReusableCollectionViewCell.swift in Sources */ = {isa = PBXBuildFile; fileRef = 2B279C262AA9C23300645766 /* ReusableCollectionViewCell.swift */; };
		2B279C292AA9C28A00645766 /* PhotoImageView.swift in Sources */ = {isa = PBXBuildFile; fileRef = 2B279C282AA9C28A00645766 /* PhotoImageView.swift */; };
		2B279C332AAA1A4E00645766 /* FilterButton.swift in Sources */ = {isa = PBXBuildFile; fileRef = 2B279C322AAA1A4E00645766 /* FilterButton.swift */; };
		2B279C352AAA373400645766 /* SearchView.swift in Sources */ = {isa = PBXBuildFile; fileRef = 2B279C342AAA373400645766 /* SearchView.swift */; };
		2B279C372AAA376500645766 /* BaseView.swift in Sources */ = {isa = PBXBuildFile; fileRef = 2B279C362AAA376500645766 /* BaseView.swift */; };
		2B279C392AAA3CD000645766 /* InfoLabel.swift in Sources */ = {isa = PBXBuildFile; fileRef = 2B279C382AAA3CD000645766 /* InfoLabel.swift */; };
		2B279C402AAB208900645766 /* APIService.swift in Sources */ = {isa = PBXBuildFile; fileRef = 2B279C3F2AAB208900645766 /* APIService.swift */; };
		2B279C432AAB252D00645766 /* Kingfisher in Frameworks */ = {isa = PBXBuildFile; productRef = 2B279C422AAB252D00645766 /* Kingfisher */; };
		2B279C452AAB5C8C00645766 /* Endpoint.swift in Sources */ = {isa = PBXBuildFile; fileRef = 2B279C442AAB5C8C00645766 /* Endpoint.swift */; };
		2B279C482AAB5D5700645766 /* URL+Extension.swift in Sources */ = {isa = PBXBuildFile; fileRef = 2B279C472AAB5D5700645766 /* URL+Extension.swift */; };
		2B279C4A2AAB9AE400645766 /* LikeViewController.swift in Sources */ = {isa = PBXBuildFile; fileRef = 2B279C492AAB9AE400645766 /* LikeViewController.swift */; };
		2B279C4C2AAC4E5700645766 /* LikeView.swift in Sources */ = {isa = PBXBuildFile; fileRef = 2B279C4B2AAC4E5700645766 /* LikeView.swift */; };
		2B279C532AAC5F7700645766 /* ShoppingTable.swift in Sources */ = {isa = PBXBuildFile; fileRef = 2B279C522AAC5F7700645766 /* ShoppingTable.swift */; };
		2B279C552AAC651D00645766 /* ShoppingTableRepository.swift in Sources */ = {isa = PBXBuildFile; fileRef = 2B279C542AAC651D00645766 /* ShoppingTableRepository.swift */; };
		2B279C592AAE3E7100645766 /* DetailViewController.swift in Sources */ = {isa = PBXBuildFile; fileRef = 2B279C582AAE3E7100645766 /* DetailViewController.swift */; };
		2B279C5B2AAE3EE800645766 /* DetailView.swift in Sources */ = {isa = PBXBuildFile; fileRef = 2B279C5A2AAE3EE800645766 /* DetailView.swift */; };
		2B279CBD2AAF3AE800645766 /* String+Extension.swift in Sources */ = {isa = PBXBuildFile; fileRef = 2B279CBC2AAF3AE800645766 /* String+Extension.swift */; };
		2B589E6E2AB29D7300941615 /* Realm in Frameworks */ = {isa = PBXBuildFile; productRef = 2B589E6D2AB29D7300941615 /* Realm */; };
		2B589E702AB29D7300941615 /* RealmSwift in Frameworks */ = {isa = PBXBuildFile; productRef = 2B589E6F2AB29D7300941615 /* RealmSwift */; };
		2BD126792AB5A03700F6C0F2 /* EmptyView.swift in Sources */ = {isa = PBXBuildFile; fileRef = 2BD126782AB5A03700F6C0F2 /* EmptyView.swift */; };
		2BD1267C2AB5B27000F6C0F2 /* SnapKit in Frameworks */ = {isa = PBXBuildFile; productRef = 2BD1267B2AB5B27000F6C0F2 /* SnapKit */; };
/* End PBXBuildFile section */

/* Begin PBXFileReference section */
		2B279BE92AA9AD4500645766 /* ShoppingCart.app */ = {isa = PBXFileReference; explicitFileType = wrapper.application; includeInIndex = 0; path = ShoppingCart.app; sourceTree = BUILT_PRODUCTS_DIR; };
		2B279BEC2AA9AD4500645766 /* AppDelegate.swift */ = {isa = PBXFileReference; lastKnownFileType = sourcecode.swift; path = AppDelegate.swift; sourceTree = "<group>"; };
		2B279BEE2AA9AD4500645766 /* SceneDelegate.swift */ = {isa = PBXFileReference; lastKnownFileType = sourcecode.swift; path = SceneDelegate.swift; sourceTree = "<group>"; };
		2B279BF02AA9AD4500645766 /* ViewController.swift */ = {isa = PBXFileReference; lastKnownFileType = sourcecode.swift; path = ViewController.swift; sourceTree = "<group>"; };
		2B279BF52AA9AD4600645766 /* Assets.xcassets */ = {isa = PBXFileReference; lastKnownFileType = folder.assetcatalog; path = Assets.xcassets; sourceTree = "<group>"; };
		2B279BF82AA9AD4600645766 /* Base */ = {isa = PBXFileReference; lastKnownFileType = file.storyboard; name = Base; path = Base.lproj/LaunchScreen.storyboard; sourceTree = "<group>"; };
		2B279BFA2AA9AD4600645766 /* Info.plist */ = {isa = PBXFileReference; lastKnownFileType = text.plist.xml; path = Info.plist; sourceTree = "<group>"; };
		2B279C0A2AA9B20E00645766 /* .gitignore */ = {isa = PBXFileReference; lastKnownFileType = text; path = .gitignore; sourceTree = "<group>"; };
		2B279C0C2AA9B23100645766 /* APIKey.swift */ = {isa = PBXFileReference; lastKnownFileType = sourcecode.swift; path = APIKey.swift; sourceTree = "<group>"; };
		2B279C0F2AA9B35E00645766 /* Shopping.swift */ = {isa = PBXFileReference; lastKnownFileType = sourcecode.swift; path = Shopping.swift; sourceTree = "<group>"; };
		2B279C162AA9BED200645766 /* BaseViewController.swift */ = {isa = PBXFileReference; lastKnownFileType = sourcecode.swift; path = BaseViewController.swift; sourceTree = "<group>"; };
		2B279C192AA9BFDC00645766 /* Color.swift */ = {isa = PBXFileReference; lastKnownFileType = sourcecode.swift; path = Color.swift; sourceTree = "<group>"; };
		2B279C1B2AA9C00B00645766 /* Constants.swift */ = {isa = PBXFileReference; lastKnownFileType = sourcecode.swift; path = Constants.swift; sourceTree = "<group>"; };
		2B279C1D2AA9C08A00645766 /* BaseCollectionViewCell.swift */ = {isa = PBXFileReference; lastKnownFileType = sourcecode.swift; path = BaseCollectionViewCell.swift; sourceTree = "<group>"; };
		2B279C1F2AA9C09F00645766 /* BaseTableViewCell.swift */ = {isa = PBXFileReference; lastKnownFileType = sourcecode.swift; path = BaseTableViewCell.swift; sourceTree = "<group>"; };
		2B279C212AA9C0B200645766 /* ReusableViewProtocol.swift */ = {isa = PBXFileReference; lastKnownFileType = sourcecode.swift; path = ReusableViewProtocol.swift; sourceTree = "<group>"; };
		2B279C242AA9C1EB00645766 /* SearchViewController.swift */ = {isa = PBXFileReference; lastKnownFileType = sourcecode.swift; path = SearchViewController.swift; sourceTree = "<group>"; };
		2B279C262AA9C23300645766 /* ReusableCollectionViewCell.swift */ = {isa = PBXFileReference; lastKnownFileType = sourcecode.swift; path = ReusableCollectionViewCell.swift; sourceTree = "<group>"; };
		2B279C282AA9C28A00645766 /* PhotoImageView.swift */ = {isa = PBXFileReference; lastKnownFileType = sourcecode.swift; path = PhotoImageView.swift; sourceTree = "<group>"; };
		2B279C322AAA1A4E00645766 /* FilterButton.swift */ = {isa = PBXFileReference; lastKnownFileType = sourcecode.swift; path = FilterButton.swift; sourceTree = "<group>"; };
		2B279C342AAA373400645766 /* SearchView.swift */ = {isa = PBXFileReference; lastKnownFileType = sourcecode.swift; path = SearchView.swift; sourceTree = "<group>"; };
		2B279C362AAA376500645766 /* BaseView.swift */ = {isa = PBXFileReference; lastKnownFileType = sourcecode.swift; path = BaseView.swift; sourceTree = "<group>"; };
		2B279C382AAA3CD000645766 /* InfoLabel.swift */ = {isa = PBXFileReference; lastKnownFileType = sourcecode.swift; path = InfoLabel.swift; sourceTree = "<group>"; };
		2B279C3F2AAB208900645766 /* APIService.swift */ = {isa = PBXFileReference; lastKnownFileType = sourcecode.swift; path = APIService.swift; sourceTree = "<group>"; };
		2B279C442AAB5C8C00645766 /* Endpoint.swift */ = {isa = PBXFileReference; lastKnownFileType = sourcecode.swift; path = Endpoint.swift; sourceTree = "<group>"; };
		2B279C472AAB5D5700645766 /* URL+Extension.swift */ = {isa = PBXFileReference; lastKnownFileType = sourcecode.swift; path = "URL+Extension.swift"; sourceTree = "<group>"; };
		2B279C492AAB9AE400645766 /* LikeViewController.swift */ = {isa = PBXFileReference; lastKnownFileType = sourcecode.swift; path = LikeViewController.swift; sourceTree = "<group>"; };
		2B279C4B2AAC4E5700645766 /* LikeView.swift */ = {isa = PBXFileReference; lastKnownFileType = sourcecode.swift; path = LikeView.swift; sourceTree = "<group>"; };
		2B279C522AAC5F7700645766 /* ShoppingTable.swift */ = {isa = PBXFileReference; lastKnownFileType = sourcecode.swift; path = ShoppingTable.swift; sourceTree = "<group>"; };
		2B279C542AAC651D00645766 /* ShoppingTableRepository.swift */ = {isa = PBXFileReference; lastKnownFileType = sourcecode.swift; path = ShoppingTableRepository.swift; sourceTree = "<group>"; };
		2B279C582AAE3E7100645766 /* DetailViewController.swift */ = {isa = PBXFileReference; lastKnownFileType = sourcecode.swift; path = DetailViewController.swift; sourceTree = "<group>"; };
		2B279C5A2AAE3EE800645766 /* DetailView.swift */ = {isa = PBXFileReference; lastKnownFileType = sourcecode.swift; path = DetailView.swift; sourceTree = "<group>"; };
		2B279CBC2AAF3AE800645766 /* String+Extension.swift */ = {isa = PBXFileReference; lastKnownFileType = sourcecode.swift; path = "String+Extension.swift"; sourceTree = "<group>"; };
		2BD126782AB5A03700F6C0F2 /* EmptyView.swift */ = {isa = PBXFileReference; lastKnownFileType = sourcecode.swift; path = EmptyView.swift; sourceTree = "<group>"; };
/* End PBXFileReference section */

/* Begin PBXFrameworksBuildPhase section */
		2B279BE62AA9AD4500645766 /* Frameworks */ = {
			isa = PBXFrameworksBuildPhase;
			buildActionMask = 2147483647;
			files = (
				2B589E702AB29D7300941615 /* RealmSwift in Frameworks */,
				2BD1267C2AB5B27000F6C0F2 /* SnapKit in Frameworks */,
				2B589E6E2AB29D7300941615 /* Realm in Frameworks */,
				2B279C432AAB252D00645766 /* Kingfisher in Frameworks */,
			);
			runOnlyForDeploymentPostprocessing = 0;
		};
/* End PBXFrameworksBuildPhase section */

/* Begin PBXGroup section */
		2B279BE02AA9AD4500645766 = {
			isa = PBXGroup;
			children = (
				2B279BEB2AA9AD4500645766 /* ShoppingCart */,
				2B279BEA2AA9AD4500645766 /* Products */,
			);
			sourceTree = "<group>";
		};
		2B279BEA2AA9AD4500645766 /* Products */ = {
			isa = PBXGroup;
			children = (
				2B279BE92AA9AD4500645766 /* ShoppingCart.app */,
			);
			name = Products;
			sourceTree = "<group>";
		};
		2B279BEB2AA9AD4500645766 /* ShoppingCart */ = {
			isa = PBXGroup;
			children = (
				2B279C152AA9B5BB00645766 /* Base */,
				2B279C182AA9BF6F00645766 /* Utility */,
				2B279C462AAB5D4600645766 /* Extension */,
				2B279C142AA9B5AA00645766 /* Realm */,
				2B279C0E2AA9B23900645766 /* Network */,
				2B279C132AA9B5A500645766 /* Cell */,
				2B279C112AA9B58A00645766 /* Scene */,
				2B279C122AA9B59600645766 /* View */,
				2B279BEC2AA9AD4500645766 /* AppDelegate.swift */,
				2B279BEE2AA9AD4500645766 /* SceneDelegate.swift */,
				2B279BF02AA9AD4500645766 /* ViewController.swift */,
				2B279BF52AA9AD4600645766 /* Assets.xcassets */,
				2B279BF72AA9AD4600645766 /* LaunchScreen.storyboard */,
				2B279BFA2AA9AD4600645766 /* Info.plist */,
				2B279C0A2AA9B20E00645766 /* .gitignore */,
			);
			path = ShoppingCart;
			sourceTree = "<group>";
		};
		2B279C0E2AA9B23900645766 /* Network */ = {
			isa = PBXGroup;
			children = (
				2B279C0C2AA9B23100645766 /* APIKey.swift */,
				2B279C3F2AAB208900645766 /* APIService.swift */,
				2B279C442AAB5C8C00645766 /* Endpoint.swift */,
				2B279C0F2AA9B35E00645766 /* Shopping.swift */,
			);
			path = Network;
			sourceTree = "<group>";
		};
		2B279C112AA9B58A00645766 /* Scene */ = {
			isa = PBXGroup;
			children = (
				2B279C2A2AA9C3D100645766 /* Detail */,
				2B279C2B2AA9C3E500645766 /* Like */,
				2B279C232AA9C1BB00645766 /* Search */,
			);
			path = Scene;
			sourceTree = "<group>";
		};
		2B279C122AA9B59600645766 /* View */ = {
			isa = PBXGroup;
			children = (
				2B279C282AA9C28A00645766 /* PhotoImageView.swift */,
				2B279C322AAA1A4E00645766 /* FilterButton.swift */,
				2B279C382AAA3CD000645766 /* InfoLabel.swift */,
				2BD126782AB5A03700F6C0F2 /* EmptyView.swift */,
			);
			path = View;
			sourceTree = "<group>";
		};
		2B279C132AA9B5A500645766 /* Cell */ = {
			isa = PBXGroup;
			children = (
				2B279C262AA9C23300645766 /* ReusableCollectionViewCell.swift */,
			);
			path = Cell;
			sourceTree = "<group>";
		};
		2B279C142AA9B5AA00645766 /* Realm */ = {
			isa = PBXGroup;
			children = (
				2B279C522AAC5F7700645766 /* ShoppingTable.swift */,
				2B279C542AAC651D00645766 /* ShoppingTableRepository.swift */,
			);
			path = Realm;
			sourceTree = "<group>";
		};
		2B279C152AA9B5BB00645766 /* Base */ = {
			isa = PBXGroup;
			children = (
				2B279C212AA9C0B200645766 /* ReusableViewProtocol.swift */,
				2B279C362AAA376500645766 /* BaseView.swift */,
				2B279C162AA9BED200645766 /* BaseViewController.swift */,
				2B279C1D2AA9C08A00645766 /* BaseCollectionViewCell.swift */,
				2B279C1F2AA9C09F00645766 /* BaseTableViewCell.swift */,
			);
			path = Base;
			sourceTree = "<group>";
		};
		2B279C182AA9BF6F00645766 /* Utility */ = {
			isa = PBXGroup;
			children = (
				2B279C1B2AA9C00B00645766 /* Constants.swift */,
				2B279C192AA9BFDC00645766 /* Color.swift */,
			);
			path = Utility;
			sourceTree = "<group>";
		};
		2B279C232AA9C1BB00645766 /* Search */ = {
			isa = PBXGroup;
			children = (
				2B279C242AA9C1EB00645766 /* SearchViewController.swift */,
				2B279C342AAA373400645766 /* SearchView.swift */,
			);
			path = Search;
			sourceTree = "<group>";
		};
		2B279C2A2AA9C3D100645766 /* Detail */ = {
			isa = PBXGroup;
			children = (
				2B279C582AAE3E7100645766 /* DetailViewController.swift */,
				2B279C5A2AAE3EE800645766 /* DetailView.swift */,
			);
			path = Detail;
			sourceTree = "<group>";
		};
		2B279C2B2AA9C3E500645766 /* Like */ = {
			isa = PBXGroup;
			children = (
				2B279C492AAB9AE400645766 /* LikeViewController.swift */,
				2B279C4B2AAC4E5700645766 /* LikeView.swift */,
			);
			path = Like;
			sourceTree = "<group>";
		};
		2B279C462AAB5D4600645766 /* Extension */ = {
			isa = PBXGroup;
			children = (
				2B279C472AAB5D5700645766 /* URL+Extension.swift */,
				2B279CBC2AAF3AE800645766 /* String+Extension.swift */,
			);
			path = Extension;
			sourceTree = "<group>";
		};
/* End PBXGroup section */

/* Begin PBXNativeTarget section */
		2B279BE82AA9AD4500645766 /* ShoppingCart */ = {
			isa = PBXNativeTarget;
			buildConfigurationList = 2B279BFD2AA9AD4600645766 /* Build configuration list for PBXNativeTarget "ShoppingCart" */;
			buildPhases = (
				2B279BE52AA9AD4500645766 /* Sources */,
				2B279BE62AA9AD4500645766 /* Frameworks */,
				2B279BE72AA9AD4500645766 /* Resources */,
			);
			buildRules = (
			);
			dependencies = (
			);
			name = ShoppingCart;
			packageProductDependencies = (
				2B279C422AAB252D00645766 /* Kingfisher */,
				2B589E6D2AB29D7300941615 /* Realm */,
				2B589E6F2AB29D7300941615 /* RealmSwift */,
				2BD1267B2AB5B27000F6C0F2 /* SnapKit */,
			);
			productName = ShoppingCart;
			productReference = 2B279BE92AA9AD4500645766 /* ShoppingCart.app */;
			productType = "com.apple.product-type.application";
		};
/* End PBXNativeTarget section */

/* Begin PBXProject section */
		2B279BE12AA9AD4500645766 /* Project object */ = {
			isa = PBXProject;
			attributes = {
				BuildIndependentTargetsInParallel = 1;
				LastSwiftUpdateCheck = 1430;
				LastUpgradeCheck = 1430;
				TargetAttributes = {
					2B279BE82AA9AD4500645766 = {
						CreatedOnToolsVersion = 14.3.1;
					};
				};
			};
			buildConfigurationList = 2B279BE42AA9AD4500645766 /* Build configuration list for PBXProject "ShoppingCart" */;
			compatibilityVersion = "Xcode 14.0";
			developmentRegion = en;
			hasScannedForEncodings = 0;
			knownRegions = (
				en,
				Base,
			);
			mainGroup = 2B279BE02AA9AD4500645766;
			packageReferences = (
				2B279C412AAB252D00645766 /* XCRemoteSwiftPackageReference "Kingfisher" */,
				2B589E6C2AB29D7300941615 /* XCRemoteSwiftPackageReference "realm-swift" */,
				2BD1267A2AB5B27000F6C0F2 /* XCRemoteSwiftPackageReference "SnapKit" */,
			);
			productRefGroup = 2B279BEA2AA9AD4500645766 /* Products */;
			projectDirPath = "";
			projectRoot = "";
			targets = (
				2B279BE82AA9AD4500645766 /* ShoppingCart */,
			);
		};
/* End PBXProject section */

/* Begin PBXResourcesBuildPhase section */
		2B279BE72AA9AD4500645766 /* Resources */ = {
			isa = PBXResourcesBuildPhase;
			buildActionMask = 2147483647;
			files = (
				2B279BF92AA9AD4600645766 /* LaunchScreen.storyboard in Resources */,
				2B279C0B2AA9B20E00645766 /* .gitignore in Resources */,
				2B279BF62AA9AD4600645766 /* Assets.xcassets in Resources */,
			);
			runOnlyForDeploymentPostprocessing = 0;
		};
/* End PBXResourcesBuildPhase section */

/* Begin PBXSourcesBuildPhase section */
		2B279BE52AA9AD4500645766 /* Sources */ = {
			isa = PBXSourcesBuildPhase;
			buildActionMask = 2147483647;
			files = (
				2B279C392AAA3CD000645766 /* InfoLabel.swift in Sources */,
				2B279C402AAB208900645766 /* APIService.swift in Sources */,
				2B279BF12AA9AD4500645766 /* ViewController.swift in Sources */,
				2B279BED2AA9AD4500645766 /* AppDelegate.swift in Sources */,
				2B279C1E2AA9C08A00645766 /* BaseCollectionViewCell.swift in Sources */,
				2B279C482AAB5D5700645766 /* URL+Extension.swift in Sources */,
				2BD126792AB5A03700F6C0F2 /* EmptyView.swift in Sources */,
				2B279C372AAA376500645766 /* BaseView.swift in Sources */,
				2B279C292AA9C28A00645766 /* PhotoImageView.swift in Sources */,
				2B279C1A2AA9BFDC00645766 /* Color.swift in Sources */,
				2B279C592AAE3E7100645766 /* DetailViewController.swift in Sources */,
				2B279CBD2AAF3AE800645766 /* String+Extension.swift in Sources */,
				2B279C4A2AAB9AE400645766 /* LikeViewController.swift in Sources */,
				2B279C0D2AA9B23100645766 /* APIKey.swift in Sources */,
				2B279BEF2AA9AD4500645766 /* SceneDelegate.swift in Sources */,
				2B279C4C2AAC4E5700645766 /* LikeView.swift in Sources */,
				2B279C332AAA1A4E00645766 /* FilterButton.swift in Sources */,
				2B279C252AA9C1EB00645766 /* SearchViewController.swift in Sources */,
				2B279C102AA9B35E00645766 /* Shopping.swift in Sources */,
				2B279C5B2AAE3EE800645766 /* DetailView.swift in Sources */,
				2B279C172AA9BED200645766 /* BaseViewController.swift in Sources */,
				2B279C532AAC5F7700645766 /* ShoppingTable.swift in Sources */,
				2B279C452AAB5C8C00645766 /* Endpoint.swift in Sources */,
				2B279C272AA9C23300645766 /* ReusableCollectionViewCell.swift in Sources */,
				2B279C352AAA373400645766 /* SearchView.swift in Sources */,
				2B279C202AA9C09F00645766 /* BaseTableViewCell.swift in Sources */,
				2B279C222AA9C0B200645766 /* ReusableViewProtocol.swift in Sources */,
				2B279C552AAC651D00645766 /* ShoppingTableRepository.swift in Sources */,
				2B279C1C2AA9C00B00645766 /* Constants.swift in Sources */,
			);
			runOnlyForDeploymentPostprocessing = 0;
		};
/* End PBXSourcesBuildPhase section */

/* Begin PBXVariantGroup section */
		2B279BF72AA9AD4600645766 /* LaunchScreen.storyboard */ = {
			isa = PBXVariantGroup;
			children = (
				2B279BF82AA9AD4600645766 /* Base */,
			);
			name = LaunchScreen.storyboard;
			sourceTree = "<group>";
		};
/* End PBXVariantGroup section */

/* Begin XCBuildConfiguration section */
		2B279BFB2AA9AD4600645766 /* Debug */ = {
			isa = XCBuildConfiguration;
			buildSettings = {
				ALWAYS_SEARCH_USER_PATHS = NO;
				CLANG_ANALYZER_NONNULL = YES;
				CLANG_ANALYZER_NUMBER_OBJECT_CONVERSION = YES_AGGRESSIVE;
				CLANG_CXX_LANGUAGE_STANDARD = "gnu++20";
				CLANG_ENABLE_MODULES = YES;
				CLANG_ENABLE_OBJC_ARC = YES;
				CLANG_ENABLE_OBJC_WEAK = YES;
				CLANG_WARN_BLOCK_CAPTURE_AUTORELEASING = YES;
				CLANG_WARN_BOOL_CONVERSION = YES;
				CLANG_WARN_COMMA = YES;
				CLANG_WARN_CONSTANT_CONVERSION = YES;
				CLANG_WARN_DEPRECATED_OBJC_IMPLEMENTATIONS = YES;
				CLANG_WARN_DIRECT_OBJC_ISA_USAGE = YES_ERROR;
				CLANG_WARN_DOCUMENTATION_COMMENTS = YES;
				CLANG_WARN_EMPTY_BODY = YES;
				CLANG_WARN_ENUM_CONVERSION = YES;
				CLANG_WARN_INFINITE_RECURSION = YES;
				CLANG_WARN_INT_CONVERSION = YES;
				CLANG_WARN_NON_LITERAL_NULL_CONVERSION = YES;
				CLANG_WARN_OBJC_IMPLICIT_RETAIN_SELF = YES;
				CLANG_WARN_OBJC_LITERAL_CONVERSION = YES;
				CLANG_WARN_OBJC_ROOT_CLASS = YES_ERROR;
				CLANG_WARN_QUOTED_INCLUDE_IN_FRAMEWORK_HEADER = YES;
				CLANG_WARN_RANGE_LOOP_ANALYSIS = YES;
				CLANG_WARN_STRICT_PROTOTYPES = YES;
				CLANG_WARN_SUSPICIOUS_MOVE = YES;
				CLANG_WARN_UNGUARDED_AVAILABILITY = YES_AGGRESSIVE;
				CLANG_WARN_UNREACHABLE_CODE = YES;
				CLANG_WARN__DUPLICATE_METHOD_MATCH = YES;
				COPY_PHASE_STRIP = NO;
				DEBUG_INFORMATION_FORMAT = dwarf;
				ENABLE_STRICT_OBJC_MSGSEND = YES;
				ENABLE_TESTABILITY = YES;
				GCC_C_LANGUAGE_STANDARD = gnu11;
				GCC_DYNAMIC_NO_PIC = NO;
				GCC_NO_COMMON_BLOCKS = YES;
				GCC_OPTIMIZATION_LEVEL = 0;
				GCC_PREPROCESSOR_DEFINITIONS = (
					"DEBUG=1",
					"$(inherited)",
				);
				GCC_WARN_64_TO_32_BIT_CONVERSION = YES;
				GCC_WARN_ABOUT_RETURN_TYPE = YES_ERROR;
				GCC_WARN_UNDECLARED_SELECTOR = YES;
				GCC_WARN_UNINITIALIZED_AUTOS = YES_AGGRESSIVE;
				GCC_WARN_UNUSED_FUNCTION = YES;
				GCC_WARN_UNUSED_VARIABLE = YES;
				IPHONEOS_DEPLOYMENT_TARGET = 13.0;
				MTL_ENABLE_DEBUG_INFO = INCLUDE_SOURCE;
				MTL_FAST_MATH = YES;
				ONLY_ACTIVE_ARCH = YES;
				SDKROOT = iphoneos;
				SWIFT_ACTIVE_COMPILATION_CONDITIONS = DEBUG;
				SWIFT_OPTIMIZATION_LEVEL = "-Onone";
			};
			name = Debug;
		};
		2B279BFC2AA9AD4600645766 /* Release */ = {
			isa = XCBuildConfiguration;
			buildSettings = {
				ALWAYS_SEARCH_USER_PATHS = NO;
				CLANG_ANALYZER_NONNULL = YES;
				CLANG_ANALYZER_NUMBER_OBJECT_CONVERSION = YES_AGGRESSIVE;
				CLANG_CXX_LANGUAGE_STANDARD = "gnu++20";
				CLANG_ENABLE_MODULES = YES;
				CLANG_ENABLE_OBJC_ARC = YES;
				CLANG_ENABLE_OBJC_WEAK = YES;
				CLANG_WARN_BLOCK_CAPTURE_AUTORELEASING = YES;
				CLANG_WARN_BOOL_CONVERSION = YES;
				CLANG_WARN_COMMA = YES;
				CLANG_WARN_CONSTANT_CONVERSION = YES;
				CLANG_WARN_DEPRECATED_OBJC_IMPLEMENTATIONS = YES;
				CLANG_WARN_DIRECT_OBJC_ISA_USAGE = YES_ERROR;
				CLANG_WARN_DOCUMENTATION_COMMENTS = YES;
				CLANG_WARN_EMPTY_BODY = YES;
				CLANG_WARN_ENUM_CONVERSION = YES;
				CLANG_WARN_INFINITE_RECURSION = YES;
				CLANG_WARN_INT_CONVERSION = YES;
				CLANG_WARN_NON_LITERAL_NULL_CONVERSION = YES;
				CLANG_WARN_OBJC_IMPLICIT_RETAIN_SELF = YES;
				CLANG_WARN_OBJC_LITERAL_CONVERSION = YES;
				CLANG_WARN_OBJC_ROOT_CLASS = YES_ERROR;
				CLANG_WARN_QUOTED_INCLUDE_IN_FRAMEWORK_HEADER = YES;
				CLANG_WARN_RANGE_LOOP_ANALYSIS = YES;
				CLANG_WARN_STRICT_PROTOTYPES = YES;
				CLANG_WARN_SUSPICIOUS_MOVE = YES;
				CLANG_WARN_UNGUARDED_AVAILABILITY = YES_AGGRESSIVE;
				CLANG_WARN_UNREACHABLE_CODE = YES;
				CLANG_WARN__DUPLICATE_METHOD_MATCH = YES;
				COPY_PHASE_STRIP = NO;
				DEBUG_INFORMATION_FORMAT = "dwarf-with-dsym";
				ENABLE_NS_ASSERTIONS = NO;
				ENABLE_STRICT_OBJC_MSGSEND = YES;
				GCC_C_LANGUAGE_STANDARD = gnu11;
				GCC_NO_COMMON_BLOCKS = YES;
				GCC_WARN_64_TO_32_BIT_CONVERSION = YES;
				GCC_WARN_ABOUT_RETURN_TYPE = YES_ERROR;
				GCC_WARN_UNDECLARED_SELECTOR = YES;
				GCC_WARN_UNINITIALIZED_AUTOS = YES_AGGRESSIVE;
				GCC_WARN_UNUSED_FUNCTION = YES;
				GCC_WARN_UNUSED_VARIABLE = YES;
				IPHONEOS_DEPLOYMENT_TARGET = 13.0;
				MTL_ENABLE_DEBUG_INFO = NO;
				MTL_FAST_MATH = YES;
				SDKROOT = iphoneos;
				SWIFT_COMPILATION_MODE = wholemodule;
				SWIFT_OPTIMIZATION_LEVEL = "-O";
				VALIDATE_PRODUCT = YES;
			};
			name = Release;
		};
		2B279BFE2AA9AD4600645766 /* Debug */ = {
			isa = XCBuildConfiguration;
			buildSettings = {
				ASSETCATALOG_COMPILER_APPICON_NAME = AppIcon;
				ASSETCATALOG_COMPILER_GLOBAL_ACCENT_COLOR_NAME = AccentColor;
				CODE_SIGN_STYLE = Automatic;
				CURRENT_PROJECT_VERSION = 1;
				DEVELOPMENT_TEAM = 7T88N7TX7W;
				GENERATE_INFOPLIST_FILE = YES;
				INFOPLIST_FILE = ShoppingCart/Info.plist;
				INFOPLIST_KEY_CFBundleDisplayName = "황예리";
				INFOPLIST_KEY_UIApplicationSupportsIndirectInputEvents = YES;
				INFOPLIST_KEY_UILaunchStoryboardName = LaunchScreen;
				INFOPLIST_KEY_UISupportedInterfaceOrientations = UIInterfaceOrientationPortrait;
				IPHONEOS_DEPLOYMENT_TARGET = 13.0;
				LD_RUNPATH_SEARCH_PATHS = (
					"$(inherited)",
					"@executable_path/Frameworks",
				);
				MARKETING_VERSION = 1.0;
				PRODUCT_BUNDLE_IDENTIFIER = com.yerihwang.ShoppingCart;
				PRODUCT_NAME = "$(TARGET_NAME)";
				SUPPORTED_PLATFORMS = "iphoneos iphonesimulator";
				SUPPORTS_MACCATALYST = NO;
				SUPPORTS_MAC_DESIGNED_FOR_IPHONE_IPAD = YES;
				SWIFT_EMIT_LOC_STRINGS = YES;
				SWIFT_VERSION = 5.0;
				TARGETED_DEVICE_FAMILY = 1;
			};
			name = Debug;
		};
		2B279BFF2AA9AD4600645766 /* Release */ = {
			isa = XCBuildConfiguration;
			buildSettings = {
				ASSETCATALOG_COMPILER_APPICON_NAME = AppIcon;
				ASSETCATALOG_COMPILER_GLOBAL_ACCENT_COLOR_NAME = AccentColor;
				CODE_SIGN_STYLE = Automatic;
				CURRENT_PROJECT_VERSION = 1;
				DEVELOPMENT_TEAM = 7T88N7TX7W;
				GENERATE_INFOPLIST_FILE = YES;
				INFOPLIST_FILE = ShoppingCart/Info.plist;
				INFOPLIST_KEY_CFBundleDisplayName = "황예리";
				INFOPLIST_KEY_UIApplicationSupportsIndirectInputEvents = YES;
				INFOPLIST_KEY_UILaunchStoryboardName = LaunchScreen;
				INFOPLIST_KEY_UISupportedInterfaceOrientations = UIInterfaceOrientationPortrait;
				IPHONEOS_DEPLOYMENT_TARGET = 13.0;
				LD_RUNPATH_SEARCH_PATHS = (
					"$(inherited)",
					"@executable_path/Frameworks",
				);
				MARKETING_VERSION = 1.0;
				PRODUCT_BUNDLE_IDENTIFIER = com.yerihwang.ShoppingCart;
				PRODUCT_NAME = "$(TARGET_NAME)";
				SUPPORTED_PLATFORMS = "iphoneos iphonesimulator";
				SUPPORTS_MACCATALYST = NO;
				SUPPORTS_MAC_DESIGNED_FOR_IPHONE_IPAD = YES;
				SWIFT_EMIT_LOC_STRINGS = YES;
				SWIFT_VERSION = 5.0;
				TARGETED_DEVICE_FAMILY = 1;
			};
			name = Release;
		};
/* End XCBuildConfiguration section */

/* Begin XCConfigurationList section */
		2B279BE42AA9AD4500645766 /* Build configuration list for PBXProject "ShoppingCart" */ = {
			isa = XCConfigurationList;
			buildConfigurations = (
				2B279BFB2AA9AD4600645766 /* Debug */,
				2B279BFC2AA9AD4600645766 /* Release */,
			);
			defaultConfigurationIsVisible = 0;
			defaultConfigurationName = Release;
		};
		2B279BFD2AA9AD4600645766 /* Build configuration list for PBXNativeTarget "ShoppingCart" */ = {
			isa = XCConfigurationList;
			buildConfigurations = (
				2B279BFE2AA9AD4600645766 /* Debug */,
				2B279BFF2AA9AD4600645766 /* Release */,
			);
			defaultConfigurationIsVisible = 0;
			defaultConfigurationName = Release;
		};
/* End XCConfigurationList section */

/* Begin XCRemoteSwiftPackageReference section */
		2B279C412AAB252D00645766 /* XCRemoteSwiftPackageReference "Kingfisher" */ = {
			isa = XCRemoteSwiftPackageReference;
			repositoryURL = "https://github.com/onevcat/Kingfisher";
			requirement = {
				kind = upToNextMajorVersion;
				minimumVersion = 7.0.0;
			};
		};
		2B589E6C2AB29D7300941615 /* XCRemoteSwiftPackageReference "realm-swift" */ = {
			isa = XCRemoteSwiftPackageReference;
			repositoryURL = "https://github.com/realm/realm-swift";
			requirement = {
				kind = upToNextMajorVersion;
				minimumVersion = 10.42.1;
			};
		};
		2BD1267A2AB5B27000F6C0F2 /* XCRemoteSwiftPackageReference "SnapKit" */ = {
			isa = XCRemoteSwiftPackageReference;
			repositoryURL = "https://github.com/SnapKit/SnapKit";
			requirement = {
				kind = upToNextMajorVersion;
				minimumVersion = 5.0.0;
			};
		};
/* End XCRemoteSwiftPackageReference section */

/* Begin XCSwiftPackageProductDependency section */
		2B279C422AAB252D00645766 /* Kingfisher */ = {
			isa = XCSwiftPackageProductDependency;
			package = 2B279C412AAB252D00645766 /* XCRemoteSwiftPackageReference "Kingfisher" */;
			productName = Kingfisher;
		};
		2B589E6D2AB29D7300941615 /* Realm */ = {
			isa = XCSwiftPackageProductDependency;
			package = 2B589E6C2AB29D7300941615 /* XCRemoteSwiftPackageReference "realm-swift" */;
			productName = Realm;
		};
		2B589E6F2AB29D7300941615 /* RealmSwift */ = {
			isa = XCSwiftPackageProductDependency;
			package = 2B589E6C2AB29D7300941615 /* XCRemoteSwiftPackageReference "realm-swift" */;
			productName = RealmSwift;
		};
		2BD1267B2AB5B27000F6C0F2 /* SnapKit */ = {
			isa = XCSwiftPackageProductDependency;
			package = 2BD1267A2AB5B27000F6C0F2 /* XCRemoteSwiftPackageReference "SnapKit" */;
			productName = SnapKit;
		};
/* End XCSwiftPackageProductDependency section */
	};
	rootObject = 2B279BE12AA9AD4500645766 /* Project object */;
}
